
Microsoft Visual Studio Solution File, Format Version 12.00
# Visual Studio 15
VisualStudioVersion = 15.0.27130.0
MinimumVisualStudioVersion = 10.0.40219.1
Project("{FAE04EC0-301F-11D3-BF4B-00C04F79EFBC}") = "01. MathOperation", "01. MathOperation\01. MathOperation.csproj", "{B3B2D46B-4A41-4516-9DFE-F7A7EC3DF9B4}"
EndProject
Project("{FAE04EC0-301F-11D3-BF4B-00C04F79EFBC}") = "02.Animals", "02.Animals\02.Animals.csproj", "{C9065E3D-2DF6-4F72-AFBB-86559B698CFC}"
EndProject
Project("{FAE04EC0-301F-11D3-BF4B-00C04F79EFBC}") = "03. Shapes", "03. Shapes\03. Shapes.csproj", "{26C8F9C4-E137-4637-8640-43732AD397B8}"
EndProject
Global
	GlobalSection(SolutionConfigurationPlatforms) = preSolution
		Debug|Any CPU = Debug|Any CPU
		Release|Any CPU = Release|Any CPU
	EndGlobalSection
	GlobalSection(ProjectConfigurationPlatforms) = postSolution
		{B3B2D46B-4A41-4516-9DFE-F7A7EC3DF9B4}.Debug|Any CPU.ActiveCfg = Debug|Any CPU
		{B3B2D46B-4A41-4516-9DFE-F7A7EC3DF9B4}.Debug|Any CPU.Build.0 = Debug|Any CPU
		{B3B2D46B-4A41-4516-9DFE-F7A7EC3DF9B4}.Release|Any CPU.ActiveCfg = Release|Any CPU
		{B3B2D46B-4A41-4516-9DFE-F7A7EC3DF9B4}.Release|Any CPU.Build.0 = Release|Any CPU
		{C9065E3D-2DF6-4F72-AFBB-86559B698CFC}.Debug|Any CPU.ActiveCfg = Debug|Any CPU
		{C9065E3D-2DF6-4F72-AFBB-86559B698CFC}.Debug|Any CPU.Build.0 = Debug|Any CPU
		{C9065E3D-2DF6-4F72-AFBB-86559B698CFC}.Release|Any CPU.ActiveCfg = Release|Any CPU
		{C9065E3D-2DF6-4F72-AFBB-86559B698CFC}.Release|Any CPU.Build.0 = Release|Any CPU
		{26C8F9C4-E137-4637-8640-43732AD397B8}.Debug|Any CPU.ActiveCfg = Debug|Any CPU
		{26C8F9C4-E137-4637-8640-43732AD397B8}.Debug|Any CPU.Build.0 = Debug|Any CPU
		{26C8F9C4-E137-4637-8640-43732AD397B8}.Release|Any CPU.ActiveCfg = Release|Any CPU
		{26C8F9C4-E137-4637-8640-43732AD397B8}.Release|Any CPU.Build.0 = Release|Any CPU
	EndGlobalSection
	GlobalSection(SolutionProperties) = preSolution
		HideSolutionNode = FALSE
	EndGlobalSection
	GlobalSection(ExtensibilityGlobals) = postSolution
		SolutionGuid = {7511CB46-E26B-4D96-B75E-34EA331C2933}
	EndGlobalSection
EndGlobal
