
Microsoft Visual Studio Solution File, Format Version 12.00
# Visual Studio 15
VisualStudioVersion = 15.0.27130.0
MinimumVisualStudioVersion = 10.0.40219.1
Project("{FAE04EC0-301F-11D3-BF4B-00C04F79EFBC}") = "01. Vehicles", "01. Vehicles\01. Vehicles.csproj", "{CBD831C3-F508-4B49-8CB7-09E2E2877722}"
EndProject
Project("{FAE04EC0-301F-11D3-BF4B-00C04F79EFBC}") = "02. Vehicles Extension", "02. Vehicles Extension\02. Vehicles Extension.csproj", "{A934E187-385A-4B4F-B5E1-014A02CF514D}"
EndProject
Project("{FAE04EC0-301F-11D3-BF4B-00C04F79EFBC}") = "03. WildFarm", "03. WildFarm\03. WildFarm.csproj", "{23101893-46D7-4E3D-B9E7-BBC7458A77C6}"
EndProject
Global
	GlobalSection(SolutionConfigurationPlatforms) = preSolution
		Debug|Any CPU = Debug|Any CPU
		Release|Any CPU = Release|Any CPU
	EndGlobalSection
	GlobalSection(ProjectConfigurationPlatforms) = postSolution
		{CBD831C3-F508-4B49-8CB7-09E2E2877722}.Debug|Any CPU.ActiveCfg = Debug|Any CPU
		{CBD831C3-F508-4B49-8CB7-09E2E2877722}.Debug|Any CPU.Build.0 = Debug|Any CPU
		{CBD831C3-F508-4B49-8CB7-09E2E2877722}.Release|Any CPU.ActiveCfg = Release|Any CPU
		{CBD831C3-F508-4B49-8CB7-09E2E2877722}.Release|Any CPU.Build.0 = Release|Any CPU
		{A934E187-385A-4B4F-B5E1-014A02CF514D}.Debug|Any CPU.ActiveCfg = Debug|Any CPU
		{A934E187-385A-4B4F-B5E1-014A02CF514D}.Debug|Any CPU.Build.0 = Debug|Any CPU
		{A934E187-385A-4B4F-B5E1-014A02CF514D}.Release|Any CPU.ActiveCfg = Release|Any CPU
		{A934E187-385A-4B4F-B5E1-014A02CF514D}.Release|Any CPU.Build.0 = Release|Any CPU
		{23101893-46D7-4E3D-B9E7-BBC7458A77C6}.Debug|Any CPU.ActiveCfg = Debug|Any CPU
		{23101893-46D7-4E3D-B9E7-BBC7458A77C6}.Debug|Any CPU.Build.0 = Debug|Any CPU
		{23101893-46D7-4E3D-B9E7-BBC7458A77C6}.Release|Any CPU.ActiveCfg = Release|Any CPU
		{23101893-46D7-4E3D-B9E7-BBC7458A77C6}.Release|Any CPU.Build.0 = Release|Any CPU
	EndGlobalSection
	GlobalSection(SolutionProperties) = preSolution
		HideSolutionNode = FALSE
	EndGlobalSection
	GlobalSection(ExtensibilityGlobals) = postSolution
		SolutionGuid = {2E6835EE-24E3-46F2-8762-242934D163DB}
	EndGlobalSection
EndGlobal
